PODS:
  - Expecta (0.2.4)
  - RegexKitLite (4.0)
  - Specta (0.2.1)

DEPENDENCIES:
  - Expecta (~> 0.2.3)
  - RegexKitLite (~> 4.0)
  - Specta (= 0.2.1)

SPEC CHECKSUMS:
  Expecta: cfaf1d3e2e194ca704a25e997093d30a1ce70b61
  RegexKitLite: c0e4c12e6e7de0769f3a3ed679f0f61604170661
  Specta: 15a276a6343867b426d5ed135d5aa4d04123a573

COCOAPODS: 0.39.0
